{
	"name": "rfe",
	"requires": true,
	"lockfileVersion": 1,
	"dependencies": {
		"dgrid": {
			"version": "git+https://github.com/SitePen/dgrid.git#7438ff6cb2e366e838ef11c7adc7f54fb89e46d3",
			"from": "git+https://github.com/SitePen/dgrid.git#v0.3.21"
		},
		"dojo": {
			"version": "1.16.3",
			"resolved": "https://registry.npmjs.org/dojo/-/dojo-1.16.3.tgz",
			"integrity": "sha512-+mPovtmbULx5V69lWji496gMfhXuL1WCC0KBq0hig4Tz6WGAYxTOJV6ch3bewNzSJHmaHiSsIMYkW8jcUrhLIQ=="
		},
		"put-selector": {
			"version": "0.3.6",
			"resolved": "https://registry.npmjs.org/put-selector/-/put-selector-0.3.6.tgz",
			"integrity": "sha1-Fy6PjZeNVQcrJ1ehZFd21oXID6I="
		},
		"xstyle": {
			"version": "0.3.3",
			"resolved": "https://registry.npmjs.org/xstyle/-/xstyle-0.3.3.tgz",
			"integrity": "sha512-Q4gKk0FFJ1xvNZJkls4wOF0yDQ4sTT6X8gr2MzA+C/JHduPafqLZzRrIdp9VxV1gr/ai5JF+evckreL1Hi5ZDQ==",
			"requires": {
				"put-selector": "0.3.6"
			}
		}
	}
}
